
Microsoft Visual Studio Solution File, Format Version 12.00
# Visual Studio Version 17
VisualStudioVersion = 17.8.34408.163
MinimumVisualStudioVersion = 10.0.40219.1
Project("{9A19103F-16F7-4668-BE54-9A1E7A4F7556}") = "Game-framework", "Game-framework\Game-framework.csproj", "{285C7563-0418-48F3-B23D-3BEBFA3A0651}"
EndProject
Project("{9A19103F-16F7-4668-BE54-9A1E7A4F7556}") = "Game-program", "Game-program\Game-program.csproj", "{F108A136-C398-44B7-A5DC-74CBDD1BAD58}"
EndProject
Global
	GlobalSection(SolutionConfigurationPlatforms) = preSolution
		Debug|Any CPU = Debug|Any CPU
		Release|Any CPU = Release|Any CPU
	EndGlobalSection
	GlobalSection(ProjectConfigurationPlatforms) = postSolution
		{285C7563-0418-48F3-B23D-3BEBFA3A0651}.Debug|Any CPU.ActiveCfg = Debug|Any CPU
		{285C7563-0418-48F3-B23D-3BEBFA3A0651}.Debug|Any CPU.Build.0 = Debug|Any CPU
		{285C7563-0418-48F3-B23D-3BEBFA3A0651}.Release|Any CPU.ActiveCfg = Release|Any CPU
		{285C7563-0418-48F3-B23D-3BEBFA3A0651}.Release|Any CPU.Build.0 = Release|Any CPU
		{F108A136-C398-44B7-A5DC-74CBDD1BAD58}.Debug|Any CPU.ActiveCfg = Debug|Any CPU
		{F108A136-C398-44B7-A5DC-74CBDD1BAD58}.Debug|Any CPU.Build.0 = Debug|Any CPU
		{F108A136-C398-44B7-A5DC-74CBDD1BAD58}.Release|Any CPU.ActiveCfg = Release|Any CPU
		{F108A136-C398-44B7-A5DC-74CBDD1BAD58}.Release|Any CPU.Build.0 = Release|Any CPU
	EndGlobalSection
	GlobalSection(SolutionProperties) = preSolution
		HideSolutionNode = FALSE
	EndGlobalSection
	GlobalSection(ExtensibilityGlobals) = postSolution
		SolutionGuid = {4EC29B8A-8EB7-4041-A0B7-5F69B01FF956}
	EndGlobalSection
EndGlobal
